{
  "name": "hangman",
  "lockfileVersion": 3,
  "requires": true,
  "packages": {
    "": {
      "dependencies": {
        "@github/copilot-sdk": "^0.1.20"
      },
      "devDependencies": {
        "@types/node": "^25.1.0"
      }
    },
    "node_modules/@github/copilot": {
      "version": "0.0.399",
      "resolved": "https://registry.npmjs.org/@github/copilot/-/copilot-0.0.399.tgz",
      "integrity": "sha512-ULRmqkH6L6mdokjMTfLaJQDidJXDUy0EYE8lHsIDxXD4dUoGjfsNRswZ4We+JxIJiXuTF9U9KqQM55QRj/4kQA==",
      "license": "SEE LICENSE IN LICENSE.md",
      "bin": {
        "copilot": "npm-loader.js"
      },
      "optionalDependencies": {
        "@github/copilot-darwin-arm64": "0.0.399",
        "@github/copilot-darwin-x64": "0.0.399",
        "@github/copilot-linux-arm64": "0.0.399",
        "@github/copilot-linux-x64": "0.0.399",
        "@github/copilot-win32-arm64": "0.0.399",
        "@github/copilot-win32-x64": "0.0.399"
      }
    },
    "node_modules/@github/copilot-darwin-arm64": {
      "version": "0.0.399",
      "resolved": "https://registry.npmjs.org/@github/copilot-darwin-arm64/-/copilot-darwin-arm64-0.0.399.tgz",
      "integrity": "sha512-8TQWPO9PrjR5g/y13nUmKBpk8oCHPpBPgHgp7hozIGedsbNJrcuABeNEsbkxowTwTiKgXEz5A5DGo5iN2AY+Ww==",
      "cpu": [
        "arm64"
      ],
      "license": "SEE LICENSE IN LICENSE.md",
      "optional": true,
      "os": [
        "darwin"
      ],
      "bin": {
        "copilot-darwin-arm64": "copilot"
      }
    },
    "node_modules/@github/copilot-darwin-x64": {
      "version": "0.0.399",
      "resolved": "https://registry.npmjs.org/@github/copilot-darwin-x64/-/copilot-darwin-x64-0.0.399.tgz",
      "integrity": "sha512-Ge1a6zGpjTbVOUQyvT18NbphmyPidPoVERq7DOTTo3XdKDm8n2jFh6UjQl7atL0hnUaWsKOTx9qrgTPdQmqMDA==",
      "cpu": [
        "x64"
      ],
      "license": "SEE LICENSE IN LICENSE.md",
      "optional": true,
      "os": [
        "darwin"
      ],
      "bin": {
        "copilot-darwin-x64": "copilot"
      }
    },
    "node_modules/@github/copilot-linux-arm64": {
      "version": "0.0.399",
      "resolved": "https://registry.npmjs.org/@github/copilot-linux-arm64/-/copilot-linux-arm64-0.0.399.tgz",
      "integrity": "sha512-41TCc1zxSd6qI56xzOyVR91mW8i7SXQ6IrRbsDBAF8i1dbyzIDO2YZ4c23fn8IRJ3C0aCQvfMoFf/BpzHQ6igw==",
      "cpu": [
        "arm64"
      ],
      "license": "SEE LICENSE IN LICENSE.md",
      "optional": true,
      "os": [
        "linux"
      ],
      "bin": {
        "copilot-linux-arm64": "copilot"
      }
    },
    "node_modules/@github/copilot-linux-x64": {
      "version": "0.0.399",
      "resolved": "https://registry.npmjs.org/@github/copilot-linux-x64/-/copilot-linux-x64-0.0.399.tgz",
      "integrity": "sha512-TNjJ/Kli74wdFycayvFW8mSmBc6ssURGxc+kiJkL+DYKloefBvViqz4I9Luwee7jrCdP1sgHwcelMrGbQ9fDHQ==",
      "cpu": [
        "x64"
      ],
      "license": "SEE LICENSE IN LICENSE.md",
      "optional": true,
      "os": [
        "linux"
      ],
      "bin": {
        "copilot-linux-x64": "copilot"
      }
    },
    "node_modules/@github/copilot-sdk": {
      "version": "0.1.20",
      "resolved": "https://registry.npmjs.org/@github/copilot-sdk/-/copilot-sdk-0.1.20.tgz",
      "integrity": "sha512-wBFROeWRoItJ/275g0Kp1B3rTvn5ZkAlRdYk8x/Nl0bkYF9mwA7CbsEvJc3V8PIwJ7ftJxR2x8utgq8m/pdtng==",
      "license": "MIT",
      "dependencies": {
        "@github/copilot": "^0.0.399",
        "vscode-jsonrpc": "^8.2.1",
        "zod": "^4.3.5"
      },
      "engines": {
        "node": ">=18.0.0"
      }
    },
    "node_modules/@github/copilot-win32-arm64": {
      "version": "0.0.399",
      "resolved": "https://registry.npmjs.org/@github/copilot-win32-arm64/-/copilot-win32-arm64-0.0.399.tgz",
      "integrity": "sha512-VInXjz1gaQcP0PZ18FBT0wdCNJld1huhisxUcegRpYdGgKHfUxdwU1N/2LcoZZZ+iin1NPt3mNsBJiI5W24RCA==",
      "cpu": [
        "arm64"
      ],
      "license": "SEE LICENSE IN LICENSE.md",
      "optional": true,
      "os": [
        "win32"
      ],
      "bin": {
        "copilot-win32-arm64": "copilot.exe"
      }
    },
    "node_modules/@github/copilot-win32-x64": {
      "version": "0.0.399",
      "resolved": "https://registry.npmjs.org/@github/copilot-win32-x64/-/copilot-win32-x64-0.0.399.tgz",
      "integrity": "sha512-ddIYUm+HPvwhTOcVFIZNoIH8a00Wp6PtE/Zq7slShSMMjzqWLuvY0s9NdNt6ijPqxtNgwuHWPfPVS4OvqfkwSA==",
      "cpu": [
        "x64"
      ],
      "license": "SEE LICENSE IN LICENSE.md",
      "optional": true,
      "os": [
        "win32"
      ],
      "bin": {
        "copilot-win32-x64": "copilot.exe"
      }
    },
    "node_modules/@types/node": {
      "version": "25.1.0",
      "resolved": "https://registry.npmjs.org/@types/node/-/node-25.1.0.tgz",
      "integrity": "sha512-t7frlewr6+cbx+9Ohpl0NOTKXZNV9xHRmNOvql47BFJKcEG1CxtxlPEEe+gR9uhVWM4DwhnvTF110mIL4yP9RA==",
      "dev": true,
      "license": "MIT",
      "dependencies": {
        "undici-types": "~7.16.0"
      }
    },
    "node_modules/undici-types": {
      "version": "7.16.0",
      "resolved": "https://registry.npmjs.org/undici-types/-/undici-types-7.16.0.tgz",
      "integrity": "sha512-Zz+aZWSj8LE6zoxD+xrjh4VfkIG8Ya6LvYkZqtUQGJPZjYl53ypCaUwWqo7eI0x66KBGeRo+mlBEkMSeSZ38Nw==",
      "dev": true,
      "license": "MIT"
    },
    "node_modules/vscode-jsonrpc": {
      "version": "8.2.1",
      "resolved": "https://registry.npmjs.org/vscode-jsonrpc/-/vscode-jsonrpc-8.2.1.tgz",
      "integrity": "sha512-kdjOSJ2lLIn7r1rtrMbbNCHjyMPfRnowdKjBQ+mGq6NAW5QY2bEZC/khaC5OR8svbbjvLEaIXkOq45e2X9BIbQ==",
      "license": "MIT",
      "engines": {
        "node": ">=14.0.0"
      }
    },
    "node_modules/zod": {
      "version": "4.3.6",
      "resolved": "https://registry.npmjs.org/zod/-/zod-4.3.6.tgz",
      "integrity": "sha512-rftlrkhHZOcjDwkGlnUtZZkvaPHCsDATp4pGpuOOMDaTdDDXF91wuVDJoWoPsKX/3YPQ5fHuF3STjcYyKr+Qhg==",
      "license": "MIT",
      "funding": {
        "url": "https://github.com/sponsors/colinhacks"
      }
    }
  }
}
